PODS:
  - MachoHandle (0.2)
  - SnapKit (4.0.1)

DEPENDENCIES:
  - MachoHandle (from `https://github.com/cjsliuj/MachoHandle.git`)
  - SnapKit (~> 4.0.0)

SPEC REPOS:
  https://github.com/cocoapods/specs.git:
    - SnapKit

EXTERNAL SOURCES:
  MachoHandle:
    :git: https://github.com/cjsliuj/MachoHandle.git

CHECKOUT OPTIONS:
  MachoHandle:
    :commit: a59ca529eae6aa352c06a952e96de848b1f4f9ff
    :git: https://github.com/cjsliuj/MachoHandle.git

SPEC CHECKSUMS:
  MachoHandle: af11f9b95b497095b73f98ec05ee4c801ce14356
  SnapKit: 0de968a9fec17499afa29683b05d0c775b6d1c29

PODFILE CHECKSUM: b6982e57547bcbacba44af12e22e2450878a383f

COCOAPODS: 1.5.3
